
Microsoft Visual Studio Solution File, Format Version 12.00
# Visual Studio Version 17
VisualStudioVersion = 17.8.34525.116
MinimumVisualStudioVersion = 10.0.40219.1
Project("{FAE04EC0-301F-11D3-BF4B-00C04F79EFBC}") = "DVLD_Project_PresentationLayar", "DVLD_Project_PresentationLayar.csproj", "{6D1D8FDA-F708-4B03-A09E-A88F617E76B6}"
EndProject
Project("{FAE04EC0-301F-11D3-BF4B-00C04F79EFBC}") = "Contacts DataAccess Layar", "..\..\كورس18\Contacts DataAccess Layar\Contacts DataAccess Layar.csproj", "{EDCAC294-4EE1-4589-B17B-037C8CE781B0}"
EndProject
Project("{FAE04EC0-301F-11D3-BF4B-00C04F79EFBC}") = "Contacts Business Layer", "..\..\كورس18\Contacts Business Layer\Contacts Business Layer.csproj", "{0ECF5DD9-A3D5-4A81-A1D1-5063469960D4}"
EndProject
Project("{FAE04EC0-301F-11D3-BF4B-00C04F79EFBC}") = "DVLD Business Layar", "..\DVLD Business Layar\DVLD Business Layar.csproj", "{530687B6-926F-4F9E-B55C-20BB9912B8F6}"
EndProject
Project("{FAE04EC0-301F-11D3-BF4B-00C04F79EFBC}") = "DVLD DataAccess Layar", "..\DVLD DataAccess Layar\DVLD DataAccess Layar.csproj", "{58F69688-B8B7-40F2-824D-90DB0EECD4E6}"
EndProject
Project("{FAE04EC0-301F-11D3-BF4B-00C04F79EFBC}") = "WhatEver", "..\WhatEver\WhatEver.csproj", "{E78673E5-503B-4BA6-B0DF-A1433803FE69}"
EndProject
Project("{FAE04EC0-301F-11D3-BF4B-00C04F79EFBC}") = "clsUsers", "..\clsUsers\clsUsers.csproj", "{840267E1-DF08-45C0-9DFB-7576930C9B25}"
EndProject
Global
	GlobalSection(SolutionConfigurationPlatforms) = preSolution
		Debug|Any CPU = Debug|Any CPU
		Release|Any CPU = Release|Any CPU
	EndGlobalSection
	GlobalSection(ProjectConfigurationPlatforms) = postSolution
		{6D1D8FDA-F708-4B03-A09E-A88F617E76B6}.Debug|Any CPU.ActiveCfg = Debug|Any CPU
		{6D1D8FDA-F708-4B03-A09E-A88F617E76B6}.Debug|Any CPU.Build.0 = Debug|Any CPU
		{6D1D8FDA-F708-4B03-A09E-A88F617E76B6}.Release|Any CPU.ActiveCfg = Release|Any CPU
		{6D1D8FDA-F708-4B03-A09E-A88F617E76B6}.Release|Any CPU.Build.0 = Release|Any CPU
		{EDCAC294-4EE1-4589-B17B-037C8CE781B0}.Debug|Any CPU.ActiveCfg = Debug|Any CPU
		{EDCAC294-4EE1-4589-B17B-037C8CE781B0}.Debug|Any CPU.Build.0 = Debug|Any CPU
		{EDCAC294-4EE1-4589-B17B-037C8CE781B0}.Release|Any CPU.ActiveCfg = Release|Any CPU
		{EDCAC294-4EE1-4589-B17B-037C8CE781B0}.Release|Any CPU.Build.0 = Release|Any CPU
		{0ECF5DD9-A3D5-4A81-A1D1-5063469960D4}.Debug|Any CPU.ActiveCfg = Debug|Any CPU
		{0ECF5DD9-A3D5-4A81-A1D1-5063469960D4}.Debug|Any CPU.Build.0 = Debug|Any CPU
		{0ECF5DD9-A3D5-4A81-A1D1-5063469960D4}.Release|Any CPU.ActiveCfg = Release|Any CPU
		{0ECF5DD9-A3D5-4A81-A1D1-5063469960D4}.Release|Any CPU.Build.0 = Release|Any CPU
		{530687B6-926F-4F9E-B55C-20BB9912B8F6}.Debug|Any CPU.ActiveCfg = Debug|Any CPU
		{530687B6-926F-4F9E-B55C-20BB9912B8F6}.Debug|Any CPU.Build.0 = Debug|Any CPU
		{530687B6-926F-4F9E-B55C-20BB9912B8F6}.Release|Any CPU.ActiveCfg = Release|Any CPU
		{530687B6-926F-4F9E-B55C-20BB9912B8F6}.Release|Any CPU.Build.0 = Release|Any CPU
		{58F69688-B8B7-40F2-824D-90DB0EECD4E6}.Debug|Any CPU.ActiveCfg = Debug|Any CPU
		{58F69688-B8B7-40F2-824D-90DB0EECD4E6}.Debug|Any CPU.Build.0 = Debug|Any CPU
		{58F69688-B8B7-40F2-824D-90DB0EECD4E6}.Release|Any CPU.ActiveCfg = Release|Any CPU
		{58F69688-B8B7-40F2-824D-90DB0EECD4E6}.Release|Any CPU.Build.0 = Release|Any CPU
		{E78673E5-503B-4BA6-B0DF-A1433803FE69}.Debug|Any CPU.ActiveCfg = Debug|Any CPU
		{E78673E5-503B-4BA6-B0DF-A1433803FE69}.Debug|Any CPU.Build.0 = Debug|Any CPU
		{E78673E5-503B-4BA6-B0DF-A1433803FE69}.Release|Any CPU.ActiveCfg = Release|Any CPU
		{E78673E5-503B-4BA6-B0DF-A1433803FE69}.Release|Any CPU.Build.0 = Release|Any CPU
		{840267E1-DF08-45C0-9DFB-7576930C9B25}.Debug|Any CPU.ActiveCfg = Debug|Any CPU
		{840267E1-DF08-45C0-9DFB-7576930C9B25}.Debug|Any CPU.Build.0 = Debug|Any CPU
		{840267E1-DF08-45C0-9DFB-7576930C9B25}.Release|Any CPU.ActiveCfg = Release|Any CPU
		{840267E1-DF08-45C0-9DFB-7576930C9B25}.Release|Any CPU.Build.0 = Release|Any CPU
	EndGlobalSection
	GlobalSection(SolutionProperties) = preSolution
		HideSolutionNode = FALSE
	EndGlobalSection
	GlobalSection(ExtensibilityGlobals) = postSolution
		SolutionGuid = {2BBC6064-8B1A-4F0B-B836-C7C4EBB7B780}
	EndGlobalSection
EndGlobal
